// !$*UTF8*$!
{
	archiveVersion = 1;
	classes = {
	};
	objectVersion = 46;
	objects = {

/* Begin PBXBuildFile section */
		768D97791BAD9C0D00C5ED47 /* SnapStack.h in Headers */ = {isa = PBXBuildFile; fileRef = 768D97781BAD9C0D00C5ED47 /* SnapStack.h */; settings = {ATTRIBUTES = (Public, ); }; };
		768D97801BAD9C0D00C5ED47 /* SnapStack.framework in Frameworks */ = {isa = PBXBuildFile; fileRef = 768D97751BAD9C0D00C5ED47 /* SnapStack.framework */; };
		768D97851BAD9C0D00C5ED47 /* SnapStackTests.swift in Sources */ = {isa = PBXBuildFile; fileRef = 768D97841BAD9C0D00C5ED47 /* SnapStackTests.swift */; };
		768D97911BAD9C9D00C5ED47 /* LICENSE in Resources */ = {isa = PBXBuildFile; fileRef = 768D978F1BAD9C9D00C5ED47 /* LICENSE */; };
		768D97921BAD9C9D00C5ED47 /* README.md in Sources */ = {isa = PBXBuildFile; fileRef = 768D97901BAD9C9D00C5ED47 /* README.md */; };
		768D97A51BAD9CDA00C5ED47 /* Operation.swift in Sources */ = {isa = PBXBuildFile; fileRef = 768D97941BAD9CDA00C5ED47 /* Operation.swift */; };
		768D97A61BAD9CDA00C5ED47 /* SnapStack.swift in Sources */ = {isa = PBXBuildFile; fileRef = 768D97951BAD9CDA00C5ED47 /* SnapStack.swift */; };
		768D97A71BAD9CDA00C5ED47 /* NSManagedObject+Extensions.swift in Sources */ = {isa = PBXBuildFile; fileRef = 768D97971BAD9CDA00C5ED47 /* NSManagedObject+Extensions.swift */; };
		768D97AA1BAD9CDA00C5ED47 /* ContextType.swift in Sources */ = {isa = PBXBuildFile; fileRef = 768D979C1BAD9CDA00C5ED47 /* ContextType.swift */; };
		768D97AB1BAD9CDA00C5ED47 /* SnapStackType.swift in Sources */ = {isa = PBXBuildFile; fileRef = 768D979D1BAD9CDA00C5ED47 /* SnapStackType.swift */; };
		768D97B51BAD9D7600C5ED47 /* Errors.swift in Sources */ = {isa = PBXBuildFile; fileRef = 768D97B31BAD9D7600C5ED47 /* Errors.swift */; };
		768D97B61BAD9D7600C5ED47 /* Options.swift in Sources */ = {isa = PBXBuildFile; fileRef = 768D97B41BAD9D7600C5ED47 /* Options.swift */; };
		76A19B2E1BC1C710000CA726 /* ProgressReportingType.swift in Sources */ = {isa = PBXBuildFile; fileRef = 76A19B2D1BC1C710000CA726 /* ProgressReportingType.swift */; settings = {ASSET_TAGS = (); }; };
		76A19B301BC1C74E000CA726 /* LogType.swift in Sources */ = {isa = PBXBuildFile; fileRef = 76A19B2F1BC1C74E000CA726 /* LogType.swift */; settings = {ASSET_TAGS = (); }; };
		76A19B321BC1C76D000CA726 /* LogLevel.swift in Sources */ = {isa = PBXBuildFile; fileRef = 76A19B311BC1C76D000CA726 /* LogLevel.swift */; settings = {ASSET_TAGS = (); }; };
		76A19B341BC1C788000CA726 /* LogProcessorType.swift in Sources */ = {isa = PBXBuildFile; fileRef = 76A19B331BC1C788000CA726 /* LogProcessorType.swift */; settings = {ASSET_TAGS = (); }; };
		76A19B361BC1C79F000CA726 /* LogProcessor.swift in Sources */ = {isa = PBXBuildFile; fileRef = 76A19B351BC1C79F000CA726 /* LogProcessor.swift */; settings = {ASSET_TAGS = (); }; };
		76A19B381BC1C7B4000CA726 /* LoggingType.swift in Sources */ = {isa = PBXBuildFile; fileRef = 76A19B371BC1C7B4000CA726 /* LoggingType.swift */; settings = {ASSET_TAGS = (); }; };
		76A19B3A1BC1C7F9000CA726 /* SeedType.swift in Sources */ = {isa = PBXBuildFile; fileRef = 76A19B391BC1C7F9000CA726 /* SeedType.swift */; settings = {ASSET_TAGS = (); }; };
		76A19B3C1BC1C816000CA726 /* Seed.swift in Sources */ = {isa = PBXBuildFile; fileRef = 76A19B3B1BC1C816000CA726 /* Seed.swift */; settings = {ASSET_TAGS = (); }; };
		76A19B451BC30174000CA726 /* NSError+Extensions.swift in Sources */ = {isa = PBXBuildFile; fileRef = 76A19B441BC30174000CA726 /* NSError+Extensions.swift */; settings = {ASSET_TAGS = (); }; };
		76D10CB01BB1D971004D7A44 /* NSPredicate+Extensions.swift in Sources */ = {isa = PBXBuildFile; fileRef = 76D10CAF1BB1D971004D7A44 /* NSPredicate+Extensions.swift */; settings = {ASSET_TAGS = (); }; };
		76D10CB21BB1DB66004D7A44 /* NSExpression+Extensions.swift in Sources */ = {isa = PBXBuildFile; fileRef = 76D10CB11BB1DB66004D7A44 /* NSExpression+Extensions.swift */; settings = {ASSET_TAGS = (); }; };
		76D10CBB1BB1FD08004D7A44 /* Attribute.swift in Sources */ = {isa = PBXBuildFile; fileRef = 76D10CB51BB1FD08004D7A44 /* Attribute.swift */; settings = {ASSET_TAGS = (); }; };
		76D10CBC1BB1FD08004D7A44 /* Fetch.swift in Sources */ = {isa = PBXBuildFile; fileRef = 76D10CB61BB1FD08004D7A44 /* Fetch.swift */; settings = {ASSET_TAGS = (); }; };
		76D10CBE1BB1FD08004D7A44 /* Predicate.swift in Sources */ = {isa = PBXBuildFile; fileRef = 76D10CB81BB1FD08004D7A44 /* Predicate.swift */; settings = {ASSET_TAGS = (); }; };
		76D10CC01BB1FD08004D7A44 /* SortDescriptor.swift in Sources */ = {isa = PBXBuildFile; fileRef = 76D10CBA1BB1FD08004D7A44 /* SortDescriptor.swift */; settings = {ASSET_TAGS = (); }; };
		76D10CC21BB1FD14004D7A44 /* ValueType.swift in Sources */ = {isa = PBXBuildFile; fileRef = 76D10CC11BB1FD14004D7A44 /* ValueType.swift */; settings = {ASSET_TAGS = (); }; };
		76D10CC41BB1FD2B004D7A44 /* AttributeType.swift in Sources */ = {isa = PBXBuildFile; fileRef = 76D10CC31BB1FD2B004D7A44 /* AttributeType.swift */; settings = {ASSET_TAGS = (); }; };
		76D10CC61BB1FD67004D7A44 /* KeyedType.swift in Sources */ = {isa = PBXBuildFile; fileRef = 76D10CC51BB1FD67004D7A44 /* KeyedType.swift */; settings = {ASSET_TAGS = (); }; };
		76D10CC81BB1FD86004D7A44 /* FetchType.swift in Sources */ = {isa = PBXBuildFile; fileRef = 76D10CC71BB1FD86004D7A44 /* FetchType.swift */; settings = {ASSET_TAGS = (); }; };
		76D10CCA1BB1FDD2004D7A44 /* RelationType.swift in Sources */ = {isa = PBXBuildFile; fileRef = 76D10CC91BB1FDD2004D7A44 /* RelationType.swift */; settings = {ASSET_TAGS = (); }; };
		76D10CCC1BB1FE41004D7A44 /* ToOneRelationType.swift in Sources */ = {isa = PBXBuildFile; fileRef = 76D10CCB1BB1FE41004D7A44 /* ToOneRelationType.swift */; settings = {ASSET_TAGS = (); }; };
		76D10CCE1BB1FE53004D7A44 /* ToManyRelationType.swift in Sources */ = {isa = PBXBuildFile; fileRef = 76D10CCD1BB1FE53004D7A44 /* ToManyRelationType.swift */; settings = {ASSET_TAGS = (); }; };
		76D10CD01BB1FED6004D7A44 /* ToManyRelation.swift in Sources */ = {isa = PBXBuildFile; fileRef = 76D10CCF1BB1FED6004D7A44 /* ToManyRelation.swift */; settings = {ASSET_TAGS = (); }; };
		76D10CD21BB1FF0D004D7A44 /* ToOneRelation.swift in Sources */ = {isa = PBXBuildFile; fileRef = 76D10CD11BB1FF0D004D7A44 /* ToOneRelation.swift */; settings = {ASSET_TAGS = (); }; };
		76ECC9B81BADDA6C00CF3A6B /* CommitType.swift in Sources */ = {isa = PBXBuildFile; fileRef = 76ECC9B71BADDA6C00CF3A6B /* CommitType.swift */; settings = {ASSET_TAGS = (); }; };
		76ECC9BC1BADDB1A00CF3A6B /* NSManagedObjectContext+Extensions.swift in Sources */ = {isa = PBXBuildFile; fileRef = 76ECC9BB1BADDB1A00CF3A6B /* NSManagedObjectContext+Extensions.swift */; settings = {ASSET_TAGS = (); }; };
/* End PBXBuildFile section */

/* Begin PBXContainerItemProxy section */
		768D97811BAD9C0D00C5ED47 /* PBXContainerItemProxy */ = {
			isa = PBXContainerItemProxy;
			containerPortal = 768D976C1BAD9C0C00C5ED47 /* Project object */;
			proxyType = 1;
			remoteGlobalIDString = 768D97741BAD9C0D00C5ED47;
			remoteInfo = SnapStack;
		};
/* End PBXContainerItemProxy section */

/* Begin PBXFileReference section */
		768D97751BAD9C0D00C5ED47 /* SnapStack.framework */ = {isa = PBXFileReference; explicitFileType = wrapper.framework; includeInIndex = 0; path = SnapStack.framework; sourceTree = BUILT_PRODUCTS_DIR; };
		768D97781BAD9C0D00C5ED47 /* SnapStack.h */ = {isa = PBXFileReference; lastKnownFileType = sourcecode.c.h; path = SnapStack.h; sourceTree = "<group>"; };
		768D977A1BAD9C0D00C5ED47 /* Info.plist */ = {isa = PBXFileReference; lastKnownFileType = text.plist.xml; path = Info.plist; sourceTree = "<group>"; };
		768D977F1BAD9C0D00C5ED47 /* SnapStackTests.xctest */ = {isa = PBXFileReference; explicitFileType = wrapper.cfbundle; includeInIndex = 0; path = SnapStackTests.xctest; sourceTree = BUILT_PRODUCTS_DIR; };
		768D97841BAD9C0D00C5ED47 /* SnapStackTests.swift */ = {isa = PBXFileReference; lastKnownFileType = sourcecode.swift; path = SnapStackTests.swift; sourceTree = "<group>"; };
		768D97861BAD9C0D00C5ED47 /* Info.plist */ = {isa = PBXFileReference; lastKnownFileType = text.plist.xml; path = Info.plist; sourceTree = "<group>"; };
		768D978F1BAD9C9D00C5ED47 /* LICENSE */ = {isa = PBXFileReference; fileEncoding = 4; lastKnownFileType = text; name = LICENSE; path = ../LICENSE; sourceTree = "<group>"; };
		768D97901BAD9C9D00C5ED47 /* README.md */ = {isa = PBXFileReference; fileEncoding = 4; lastKnownFileType = net.daringfireball.markdown; name = README.md; path = ../README.md; sourceTree = "<group>"; };
		768D97941BAD9CDA00C5ED47 /* Operation.swift */ = {isa = PBXFileReference; fileEncoding = 4; lastKnownFileType = sourcecode.swift; path = Operation.swift; sourceTree = "<group>"; };
		768D97951BAD9CDA00C5ED47 /* SnapStack.swift */ = {isa = PBXFileReference; fileEncoding = 4; lastKnownFileType = sourcecode.swift; path = SnapStack.swift; sourceTree = "<group>"; };
		768D97971BAD9CDA00C5ED47 /* NSManagedObject+Extensions.swift */ = {isa = PBXFileReference; fileEncoding = 4; lastKnownFileType = sourcecode.swift; path = "NSManagedObject+Extensions.swift"; sourceTree = "<group>"; };
		768D979C1BAD9CDA00C5ED47 /* ContextType.swift */ = {isa = PBXFileReference; fileEncoding = 4; lastKnownFileType = sourcecode.swift; path = ContextType.swift; sourceTree = "<group>"; };
		768D979D1BAD9CDA00C5ED47 /* SnapStackType.swift */ = {isa = PBXFileReference; fileEncoding = 4; lastKnownFileType = sourcecode.swift; path = SnapStackType.swift; sourceTree = "<group>"; };
		768D97B31BAD9D7600C5ED47 /* Errors.swift */ = {isa = PBXFileReference; fileEncoding = 4; lastKnownFileType = sourcecode.swift; path = Errors.swift; sourceTree = "<group>"; };
		768D97B41BAD9D7600C5ED47 /* Options.swift */ = {isa = PBXFileReference; fileEncoding = 4; lastKnownFileType = sourcecode.swift; path = Options.swift; sourceTree = "<group>"; };
		76A19B2D1BC1C710000CA726 /* ProgressReportingType.swift */ = {isa = PBXFileReference; fileEncoding = 4; lastKnownFileType = sourcecode.swift; path = ProgressReportingType.swift; sourceTree = "<group>"; };
		76A19B2F1BC1C74E000CA726 /* LogType.swift */ = {isa = PBXFileReference; fileEncoding = 4; lastKnownFileType = sourcecode.swift; path = LogType.swift; sourceTree = "<group>"; };
		76A19B311BC1C76D000CA726 /* LogLevel.swift */ = {isa = PBXFileReference; fileEncoding = 4; lastKnownFileType = sourcecode.swift; path = LogLevel.swift; sourceTree = "<group>"; };
		76A19B331BC1C788000CA726 /* LogProcessorType.swift */ = {isa = PBXFileReference; fileEncoding = 4; lastKnownFileType = sourcecode.swift; path = LogProcessorType.swift; sourceTree = "<group>"; };
		76A19B351BC1C79F000CA726 /* LogProcessor.swift */ = {isa = PBXFileReference; fileEncoding = 4; lastKnownFileType = sourcecode.swift; path = LogProcessor.swift; sourceTree = "<group>"; };
		76A19B371BC1C7B4000CA726 /* LoggingType.swift */ = {isa = PBXFileReference; fileEncoding = 4; lastKnownFileType = sourcecode.swift; path = LoggingType.swift; sourceTree = "<group>"; };
		76A19B391BC1C7F9000CA726 /* SeedType.swift */ = {isa = PBXFileReference; fileEncoding = 4; lastKnownFileType = sourcecode.swift; path = SeedType.swift; sourceTree = "<group>"; };
		76A19B3B1BC1C816000CA726 /* Seed.swift */ = {isa = PBXFileReference; fileEncoding = 4; lastKnownFileType = sourcecode.swift; path = Seed.swift; sourceTree = "<group>"; };
		76A19B441BC30174000CA726 /* NSError+Extensions.swift */ = {isa = PBXFileReference; fileEncoding = 4; lastKnownFileType = sourcecode.swift; path = "NSError+Extensions.swift"; sourceTree = "<group>"; };
		76D10CAF1BB1D971004D7A44 /* NSPredicate+Extensions.swift */ = {isa = PBXFileReference; fileEncoding = 4; lastKnownFileType = sourcecode.swift; path = "NSPredicate+Extensions.swift"; sourceTree = "<group>"; };
		76D10CB11BB1DB66004D7A44 /* NSExpression+Extensions.swift */ = {isa = PBXFileReference; fileEncoding = 4; lastKnownFileType = sourcecode.swift; path = "NSExpression+Extensions.swift"; sourceTree = "<group>"; };
		76D10CB51BB1FD08004D7A44 /* Attribute.swift */ = {isa = PBXFileReference; fileEncoding = 4; lastKnownFileType = sourcecode.swift; path = Attribute.swift; sourceTree = "<group>"; };
		76D10CB61BB1FD08004D7A44 /* Fetch.swift */ = {isa = PBXFileReference; fileEncoding = 4; lastKnownFileType = sourcecode.swift; path = Fetch.swift; sourceTree = "<group>"; };
		76D10CB81BB1FD08004D7A44 /* Predicate.swift */ = {isa = PBXFileReference; fileEncoding = 4; lastKnownFileType = sourcecode.swift; path = Predicate.swift; sourceTree = "<group>"; };
		76D10CBA1BB1FD08004D7A44 /* SortDescriptor.swift */ = {isa = PBXFileReference; fileEncoding = 4; lastKnownFileType = sourcecode.swift; path = SortDescriptor.swift; sourceTree = "<group>"; };
		76D10CC11BB1FD14004D7A44 /* ValueType.swift */ = {isa = PBXFileReference; fileEncoding = 4; lastKnownFileType = sourcecode.swift; path = ValueType.swift; sourceTree = "<group>"; };
		76D10CC31BB1FD2B004D7A44 /* AttributeType.swift */ = {isa = PBXFileReference; fileEncoding = 4; lastKnownFileType = sourcecode.swift; path = AttributeType.swift; sourceTree = "<group>"; };
		76D10CC51BB1FD67004D7A44 /* KeyedType.swift */ = {isa = PBXFileReference; fileEncoding = 4; lastKnownFileType = sourcecode.swift; path = KeyedType.swift; sourceTree = "<group>"; };
		76D10CC71BB1FD86004D7A44 /* FetchType.swift */ = {isa = PBXFileReference; fileEncoding = 4; lastKnownFileType = sourcecode.swift; path = FetchType.swift; sourceTree = "<group>"; };
		76D10CC91BB1FDD2004D7A44 /* RelationType.swift */ = {isa = PBXFileReference; fileEncoding = 4; lastKnownFileType = sourcecode.swift; path = RelationType.swift; sourceTree = "<group>"; };
		76D10CCB1BB1FE41004D7A44 /* ToOneRelationType.swift */ = {isa = PBXFileReference; fileEncoding = 4; lastKnownFileType = sourcecode.swift; path = ToOneRelationType.swift; sourceTree = "<group>"; };
		76D10CCD1BB1FE53004D7A44 /* ToManyRelationType.swift */ = {isa = PBXFileReference; fileEncoding = 4; lastKnownFileType = sourcecode.swift; path = ToManyRelationType.swift; sourceTree = "<group>"; };
		76D10CCF1BB1FED6004D7A44 /* ToManyRelation.swift */ = {isa = PBXFileReference; fileEncoding = 4; lastKnownFileType = sourcecode.swift; path = ToManyRelation.swift; sourceTree = "<group>"; };
		76D10CD11BB1FF0D004D7A44 /* ToOneRelation.swift */ = {isa = PBXFileReference; fileEncoding = 4; lastKnownFileType = sourcecode.swift; path = ToOneRelation.swift; sourceTree = "<group>"; };
		76ECC9B71BADDA6C00CF3A6B /* CommitType.swift */ = {isa = PBXFileReference; fileEncoding = 4; lastKnownFileType = sourcecode.swift; path = CommitType.swift; sourceTree = "<group>"; };
		76ECC9BB1BADDB1A00CF3A6B /* NSManagedObjectContext+Extensions.swift */ = {isa = PBXFileReference; fileEncoding = 4; lastKnownFileType = sourcecode.swift; path = "NSManagedObjectContext+Extensions.swift"; sourceTree = "<group>"; };
/* End PBXFileReference section */

/* Begin PBXFrameworksBuildPhase section */
		768D97711BAD9C0D00C5ED47 /* Frameworks */ = {
			isa = PBXFrameworksBuildPhase;
			buildActionMask = 2147483647;
			files = (
			);
			runOnlyForDeploymentPostprocessing = 0;
		};
		768D977C1BAD9C0D00C5ED47 /* Frameworks */ = {
			isa = PBXFrameworksBuildPhase;
			buildActionMask = 2147483647;
			files = (
				768D97801BAD9C0D00C5ED47 /* SnapStack.framework in Frameworks */,
			);
			runOnlyForDeploymentPostprocessing = 0;
		};
/* End PBXFrameworksBuildPhase section */

/* Begin PBXGroup section */
		7649FB311BB09E6F00C29467 /* Fetch */ = {
			isa = PBXGroup;
			children = (
				76D10CB31BB1FCEF004D7A44 /* Protocols */,
				76D10CB41BB1FCEF004D7A44 /* Structs */,
			);
			path = Fetch;
			sourceTree = "<group>";
		};
		768D976B1BAD9C0C00C5ED47 = {
			isa = PBXGroup;
			children = (
				768D97771BAD9C0D00C5ED47 /* SnapStack */,
				768D97831BAD9C0D00C5ED47 /* SnapStackTests */,
				768D97761BAD9C0D00C5ED47 /* Products */,
			);
			sourceTree = "<group>";
		};
		768D97761BAD9C0D00C5ED47 /* Products */ = {
			isa = PBXGroup;
			children = (
				768D97751BAD9C0D00C5ED47 /* SnapStack.framework */,
				768D977F1BAD9C0D00C5ED47 /* SnapStackTests.xctest */,
			);
			name = Products;
			sourceTree = "<group>";
		};
		768D97771BAD9C0D00C5ED47 /* SnapStack */ = {
			isa = PBXGroup;
			children = (
				768D97931BAD9CDA00C5ED47 /* Contexts */,
				768D97961BAD9CDA00C5ED47 /* Extensions */,
				768D979B1BAD9CDA00C5ED47 /* Protocols */,
				768D97B21BAD9D7600C5ED47 /* Utilities */,
				76A19B271BC1B51B000CA726 /* Import */,
				76A19B281BC1B51B000CA726 /* Logging */,
				7649FB311BB09E6F00C29467 /* Fetch */,
				768D978F1BAD9C9D00C5ED47 /* LICENSE */,
				768D97901BAD9C9D00C5ED47 /* README.md */,
				768D97781BAD9C0D00C5ED47 /* SnapStack.h */,
				768D977A1BAD9C0D00C5ED47 /* Info.plist */,
			);
			path = SnapStack;
			sourceTree = "<group>";
		};
		768D97831BAD9C0D00C5ED47 /* SnapStackTests */ = {
			isa = PBXGroup;
			children = (
				768D97841BAD9C0D00C5ED47 /* SnapStackTests.swift */,
				768D97861BAD9C0D00C5ED47 /* Info.plist */,
			);
			path = SnapStackTests;
			sourceTree = "<group>";
		};
		768D97931BAD9CDA00C5ED47 /* Contexts */ = {
			isa = PBXGroup;
			children = (
				768D97941BAD9CDA00C5ED47 /* Operation.swift */,
				768D97951BAD9CDA00C5ED47 /* SnapStack.swift */,
			);
			path = Contexts;
			sourceTree = "<group>";
		};
		768D97961BAD9CDA00C5ED47 /* Extensions */ = {
			isa = PBXGroup;
			children = (
				768D97971BAD9CDA00C5ED47 /* NSManagedObject+Extensions.swift */,
				76ECC9BB1BADDB1A00CF3A6B /* NSManagedObjectContext+Extensions.swift */,
				76D10CAF1BB1D971004D7A44 /* NSPredicate+Extensions.swift */,
				76D10CB11BB1DB66004D7A44 /* NSExpression+Extensions.swift */,
				76A19B441BC30174000CA726 /* NSError+Extensions.swift */,
			);
			path = Extensions;
			sourceTree = "<group>";
		};
		768D979B1BAD9CDA00C5ED47 /* Protocols */ = {
			isa = PBXGroup;
			children = (
				768D979C1BAD9CDA00C5ED47 /* ContextType.swift */,
				76ECC9B71BADDA6C00CF3A6B /* CommitType.swift */,
				768D979D1BAD9CDA00C5ED47 /* SnapStackType.swift */,
				76A19B2D1BC1C710000CA726 /* ProgressReportingType.swift */,
			);
			path = Protocols;
			sourceTree = "<group>";
		};
		768D97B21BAD9D7600C5ED47 /* Utilities */ = {
			isa = PBXGroup;
			children = (
				768D97B31BAD9D7600C5ED47 /* Errors.swift */,
				768D97B41BAD9D7600C5ED47 /* Options.swift */,
			);
			path = Utilities;
			sourceTree = "<group>";
		};
		76A19B271BC1B51B000CA726 /* Import */ = {
			isa = PBXGroup;
			children = (
				76A19B2B1BC1B540000CA726 /* Protocols */,
				76A19B2C1BC1B540000CA726 /* Structs */,
			);
			path = Import;
			sourceTree = "<group>";
		};
		76A19B281BC1B51B000CA726 /* Logging */ = {
			isa = PBXGroup;
			children = (
				76A19B291BC1B536000CA726 /* Protocols */,
				76A19B2A1BC1B536000CA726 /* Structs */,
			);
			path = Logging;
			sourceTree = "<group>";
		};
		76A19B291BC1B536000CA726 /* Protocols */ = {
			isa = PBXGroup;
			children = (
				76A19B2F1BC1C74E000CA726 /* LogType.swift */,
				76A19B331BC1C788000CA726 /* LogProcessorType.swift */,
				76A19B371BC1C7B4000CA726 /* LoggingType.swift */,
			);
			path = Protocols;
			sourceTree = "<group>";
		};
		76A19B2A1BC1B536000CA726 /* Structs */ = {
			isa = PBXGroup;
			children = (
				76A19B311BC1C76D000CA726 /* LogLevel.swift */,
				76A19B351BC1C79F000CA726 /* LogProcessor.swift */,
			);
			path = Structs;
			sourceTree = "<group>";
		};
		76A19B2B1BC1B540000CA726 /* Protocols */ = {
			isa = PBXGroup;
			children = (
				76A19B391BC1C7F9000CA726 /* SeedType.swift */,
			);
			path = Protocols;
			sourceTree = "<group>";
		};
		76A19B2C1BC1B540000CA726 /* Structs */ = {
			isa = PBXGroup;
			children = (
				76A19B3B1BC1C816000CA726 /* Seed.swift */,
			);
			path = Structs;
			sourceTree = "<group>";
		};
		76D10CB31BB1FCEF004D7A44 /* Protocols */ = {
			isa = PBXGroup;
			children = (
				76D10CC31BB1FD2B004D7A44 /* AttributeType.swift */,
				76D10CC51BB1FD67004D7A44 /* KeyedType.swift */,
				76D10CC11BB1FD14004D7A44 /* ValueType.swift */,
				76D10CC71BB1FD86004D7A44 /* FetchType.swift */,
				76D10CC91BB1FDD2004D7A44 /* RelationType.swift */,
				76D10CCB1BB1FE41004D7A44 /* ToOneRelationType.swift */,
				76D10CCD1BB1FE53004D7A44 /* ToManyRelationType.swift */,
			);
			path = Protocols;
			sourceTree = "<group>";
		};
		76D10CB41BB1FCEF004D7A44 /* Structs */ = {
			isa = PBXGroup;
			children = (
				76D10CB61BB1FD08004D7A44 /* Fetch.swift */,
				76D10CB51BB1FD08004D7A44 /* Attribute.swift */,
				76D10CD11BB1FF0D004D7A44 /* ToOneRelation.swift */,
				76D10CCF1BB1FED6004D7A44 /* ToManyRelation.swift */,
				76D10CB81BB1FD08004D7A44 /* Predicate.swift */,
				76D10CBA1BB1FD08004D7A44 /* SortDescriptor.swift */,
			);
			path = Structs;
			sourceTree = "<group>";
		};
/* End PBXGroup section */

/* Begin PBXHeadersBuildPhase section */
		768D97721BAD9C0D00C5ED47 /* Headers */ = {
			isa = PBXHeadersBuildPhase;
			buildActionMask = 2147483647;
			files = (
				768D97791BAD9C0D00C5ED47 /* SnapStack.h in Headers */,
			);
			runOnlyForDeploymentPostprocessing = 0;
		};
/* End PBXHeadersBuildPhase section */

/* Begin PBXNativeTarget section */
		768D97741BAD9C0D00C5ED47 /* SnapStack */ = {
			isa = PBXNativeTarget;
			buildConfigurationList = 768D97891BAD9C0D00C5ED47 /* Build configuration list for PBXNativeTarget "SnapStack" */;
			buildPhases = (
				768D97701BAD9C0D00C5ED47 /* Sources */,
				768D97711BAD9C0D00C5ED47 /* Frameworks */,
				768D97721BAD9C0D00C5ED47 /* Headers */,
				768D97731BAD9C0D00C5ED47 /* Resources */,
			);
			buildRules = (
			);
			dependencies = (
			);
			name = SnapStack;
			productName = SnapStack;
			productReference = 768D97751BAD9C0D00C5ED47 /* SnapStack.framework */;
			productType = "com.apple.product-type.framework";
		};
		768D977E1BAD9C0D00C5ED47 /* SnapStackTests */ = {
			isa = PBXNativeTarget;
			buildConfigurationList = 768D978C1BAD9C0D00C5ED47 /* Build configuration list for PBXNativeTarget "SnapStackTests" */;
			buildPhases = (
				768D977B1BAD9C0D00C5ED47 /* Sources */,
				768D977C1BAD9C0D00C5ED47 /* Frameworks */,
				768D977D1BAD9C0D00C5ED47 /* Resources */,
			);
			buildRules = (
			);
			dependencies = (
				768D97821BAD9C0D00C5ED47 /* PBXTargetDependency */,
			);
			name = SnapStackTests;
			productName = SnapStackTests;
			productReference = 768D977F1BAD9C0D00C5ED47 /* SnapStackTests.xctest */;
			productType = "com.apple.product-type.bundle.unit-test";
		};
/* End PBXNativeTarget section */

/* Begin PBXProject section */
		768D976C1BAD9C0C00C5ED47 /* Project object */ = {
			isa = PBXProject;
			attributes = {
				LastUpgradeCheck = 0710;
				ORGANIZATIONNAME = "Fredrik Sjöberg";
				TargetAttributes = {
					768D97741BAD9C0D00C5ED47 = {
						CreatedOnToolsVersion = 7.1;
					};
					768D977E1BAD9C0D00C5ED47 = {
						CreatedOnToolsVersion = 7.1;
					};
				};
			};
			buildConfigurationList = 768D976F1BAD9C0C00C5ED47 /* Build configuration list for PBXProject "SnapStack" */;
			compatibilityVersion = "Xcode 3.2";
			developmentRegion = English;
			hasScannedForEncodings = 0;
			knownRegions = (
				en,
			);
			mainGroup = 768D976B1BAD9C0C00C5ED47;
			productRefGroup = 768D97761BAD9C0D00C5ED47 /* Products */;
			projectDirPath = "";
			projectRoot = "";
			targets = (
				768D97741BAD9C0D00C5ED47 /* SnapStack */,
				768D977E1BAD9C0D00C5ED47 /* SnapStackTests */,
			);
		};
/* End PBXProject section */

/* Begin PBXResourcesBuildPhase section */
		768D97731BAD9C0D00C5ED47 /* Resources */ = {
			isa = PBXResourcesBuildPhase;
			buildActionMask = 2147483647;
			files = (
				768D97911BAD9C9D00C5ED47 /* LICENSE in Resources */,
			);
			runOnlyForDeploymentPostprocessing = 0;
		};
		768D977D1BAD9C0D00C5ED47 /* Resources */ = {
			isa = PBXResourcesBuildPhase;
			buildActionMask = 2147483647;
			files = (
			);
			runOnlyForDeploymentPostprocessing = 0;
		};
/* End PBXResourcesBuildPhase section */

/* Begin PBXSourcesBuildPhase section */
		768D97701BAD9C0D00C5ED47 /* Sources */ = {
			isa = PBXSourcesBuildPhase;
			buildActionMask = 2147483647;
			files = (
				76ECC9B81BADDA6C00CF3A6B /* CommitType.swift in Sources */,
				768D97AB1BAD9CDA00C5ED47 /* SnapStackType.swift in Sources */,
				768D97A61BAD9CDA00C5ED47 /* SnapStack.swift in Sources */,
				76D10CB21BB1DB66004D7A44 /* NSExpression+Extensions.swift in Sources */,
				768D97B51BAD9D7600C5ED47 /* Errors.swift in Sources */,
				76D10CCA1BB1FDD2004D7A44 /* RelationType.swift in Sources */,
				76ECC9BC1BADDB1A00CF3A6B /* NSManagedObjectContext+Extensions.swift in Sources */,
				76D10CC81BB1FD86004D7A44 /* FetchType.swift in Sources */,
				76A19B301BC1C74E000CA726 /* LogType.swift in Sources */,
				768D97AA1BAD9CDA00C5ED47 /* ContextType.swift in Sources */,
				76D10CD21BB1FF0D004D7A44 /* ToOneRelation.swift in Sources */,
				76A19B451BC30174000CA726 /* NSError+Extensions.swift in Sources */,
				76A19B381BC1C7B4000CA726 /* LoggingType.swift in Sources */,
				76A19B3A1BC1C7F9000CA726 /* SeedType.swift in Sources */,
				76A19B321BC1C76D000CA726 /* LogLevel.swift in Sources */,
				768D97921BAD9C9D00C5ED47 /* README.md in Sources */,
				768D97A71BAD9CDA00C5ED47 /* NSManagedObject+Extensions.swift in Sources */,
				76D10CCC1BB1FE41004D7A44 /* ToOneRelationType.swift in Sources */,
				76D10CB01BB1D971004D7A44 /* NSPredicate+Extensions.swift in Sources */,
				76D10CC41BB1FD2B004D7A44 /* AttributeType.swift in Sources */,
				76D10CD01BB1FED6004D7A44 /* ToManyRelation.swift in Sources */,
				76D10CBE1BB1FD08004D7A44 /* Predicate.swift in Sources */,
				76D10CBC1BB1FD08004D7A44 /* Fetch.swift in Sources */,
				76D10CC01BB1FD08004D7A44 /* SortDescriptor.swift in Sources */,
				76A19B2E1BC1C710000CA726 /* ProgressReportingType.swift in Sources */,
				76A19B341BC1C788000CA726 /* LogProcessorType.swift in Sources */,
				768D97A51BAD9CDA00C5ED47 /* Operation.swift in Sources */,
				76D10CCE1BB1FE53004D7A44 /* ToManyRelationType.swift in Sources */,
				76D10CBB1BB1FD08004D7A44 /* Attribute.swift in Sources */,
				768D97B61BAD9D7600C5ED47 /* Options.swift in Sources */,
				76D10CC61BB1FD67004D7A44 /* KeyedType.swift in Sources */,
				76D10CC21BB1FD14004D7A44 /* ValueType.swift in Sources */,
				76A19B361BC1C79F000CA726 /* LogProcessor.swift in Sources */,
				76A19B3C1BC1C816000CA726 /* Seed.swift in Sources */,
			);
			runOnlyForDeploymentPostprocessing = 0;
		};
		768D977B1BAD9C0D00C5ED47 /* Sources */ = {
			isa = PBXSourcesBuildPhase;
			buildActionMask = 2147483647;
			files = (
				768D97851BAD9C0D00C5ED47 /* SnapStackTests.swift in Sources */,
			);
			runOnlyForDeploymentPostprocessing = 0;
		};
/* End PBXSourcesBuildPhase section */

/* Begin PBXTargetDependency section */
		768D97821BAD9C0D00C5ED47 /* PBXTargetDependency */ = {
			isa = PBXTargetDependency;
			target = 768D97741BAD9C0D00C5ED47 /* SnapStack */;
			targetProxy = 768D97811BAD9C0D00C5ED47 /* PBXContainerItemProxy */;
		};
/* End PBXTargetDependency section */

/* Begin XCBuildConfiguration section */
		768D97871BAD9C0D00C5ED47 /* Debug */ = {
			isa = XCBuildConfiguration;
			buildSettings = {
				ALWAYS_SEARCH_USER_PATHS = NO;
				CLANG_CXX_LANGUAGE_STANDARD = "gnu++0x";
				CLANG_CXX_LIBRARY = "libc++";
				CLANG_ENABLE_MODULES = YES;
				CLANG_ENABLE_OBJC_ARC = YES;
				CLANG_WARN_BOOL_CONVERSION = YES;
				CLANG_WARN_CONSTANT_CONVERSION = YES;
				CLANG_WARN_DIRECT_OBJC_ISA_USAGE = YES_ERROR;
				CLANG_WARN_EMPTY_BODY = YES;
				CLANG_WARN_ENUM_CONVERSION = YES;
				CLANG_WARN_INT_CONVERSION = YES;
				CLANG_WARN_OBJC_ROOT_CLASS = YES_ERROR;
				CLANG_WARN_UNREACHABLE_CODE = YES;
				CLANG_WARN__DUPLICATE_METHOD_MATCH = YES;
				"CODE_SIGN_IDENTITY[sdk=iphoneos*]" = "iPhone Developer";
				COPY_PHASE_STRIP = NO;
				CURRENT_PROJECT_VERSION = 1;
				DEBUG_INFORMATION_FORMAT = dwarf;
				ENABLE_STRICT_OBJC_MSGSEND = YES;
				ENABLE_TESTABILITY = YES;
				GCC_C_LANGUAGE_STANDARD = gnu99;
				GCC_DYNAMIC_NO_PIC = NO;
				GCC_NO_COMMON_BLOCKS = YES;
				GCC_OPTIMIZATION_LEVEL = 0;
				GCC_PREPROCESSOR_DEFINITIONS = (
					"DEBUG=1",
					"$(inherited)",
				);
				GCC_WARN_64_TO_32_BIT_CONVERSION = YES;
				GCC_WARN_ABOUT_RETURN_TYPE = YES_ERROR;
				GCC_WARN_UNDECLARED_SELECTOR = YES;
				GCC_WARN_UNINITIALIZED_AUTOS = YES_AGGRESSIVE;
				GCC_WARN_UNUSED_FUNCTION = YES;
				GCC_WARN_UNUSED_VARIABLE = YES;
				IPHONEOS_DEPLOYMENT_TARGET = 9.1;
				MTL_ENABLE_DEBUG_INFO = YES;
				ONLY_ACTIVE_ARCH = YES;
				SDKROOT = iphoneos;
				SWIFT_OPTIMIZATION_LEVEL = "-Onone";
				TARGETED_DEVICE_FAMILY = "1,2";
				VERSIONING_SYSTEM = "apple-generic";
				VERSION_INFO_PREFIX = "";
			};
			name = Debug;
		};
		768D97881BAD9C0D00C5ED47 /* Release */ = {
			isa = XCBuildConfiguration;
			buildSettings = {
				ALWAYS_SEARCH_USER_PATHS = NO;
				CLANG_CXX_LANGUAGE_STANDARD = "gnu++0x";
				CLANG_CXX_LIBRARY = "libc++";
				CLANG_ENABLE_MODULES = YES;
				CLANG_ENABLE_OBJC_ARC = YES;
				CLANG_WARN_BOOL_CONVERSION = YES;
				CLANG_WARN_CONSTANT_CONVERSION = YES;
				CLANG_WARN_DIRECT_OBJC_ISA_USAGE = YES_ERROR;
				CLANG_WARN_EMPTY_BODY = YES;
				CLANG_WARN_ENUM_CONVERSION = YES;
				CLANG_WARN_INT_CONVERSION = YES;
				CLANG_WARN_OBJC_ROOT_CLASS = YES_ERROR;
				CLANG_WARN_UNREACHABLE_CODE = YES;
				CLANG_WARN__DUPLICATE_METHOD_MATCH = YES;
				"CODE_SIGN_IDENTITY[sdk=iphoneos*]" = "iPhone Developer";
				COPY_PHASE_STRIP = NO;
				CURRENT_PROJECT_VERSION = 1;
				DEBUG_INFORMATION_FORMAT = "dwarf-with-dsym";
				ENABLE_NS_ASSERTIONS = NO;
				ENABLE_STRICT_OBJC_MSGSEND = YES;
				GCC_C_LANGUAGE_STANDARD = gnu99;
				GCC_NO_COMMON_BLOCKS = YES;
				GCC_WARN_64_TO_32_BIT_CONVERSION = YES;
				GCC_WARN_ABOUT_RETURN_TYPE = YES_ERROR;
				GCC_WARN_UNDECLARED_SELECTOR = YES;
				GCC_WARN_UNINITIALIZED_AUTOS = YES_AGGRESSIVE;
				GCC_WARN_UNUSED_FUNCTION = YES;
				GCC_WARN_UNUSED_VARIABLE = YES;
				IPHONEOS_DEPLOYMENT_TARGET = 9.1;
				MTL_ENABLE_DEBUG_INFO = NO;
				SDKROOT = iphoneos;
				TARGETED_DEVICE_FAMILY = "1,2";
				VALIDATE_PRODUCT = YES;
				VERSIONING_SYSTEM = "apple-generic";
				VERSION_INFO_PREFIX = "";
			};
			name = Release;
		};
		768D978A1BAD9C0D00C5ED47 /* Debug */ = {
			isa = XCBuildConfiguration;
			buildSettings = {
				DEFINES_MODULE = YES;
				DYLIB_COMPATIBILITY_VERSION = 1;
				DYLIB_CURRENT_VERSION = 1;
				DYLIB_INSTALL_NAME_BASE = "@rpath";
				INFOPLIST_FILE = SnapStack/Info.plist;
				INSTALL_PATH = "$(LOCAL_LIBRARY_DIR)/Frameworks";
				IPHONEOS_DEPLOYMENT_TARGET = 9.0;
				LD_RUNPATH_SEARCH_PATHS = "$(inherited) @executable_path/Frameworks @loader_path/Frameworks";
				PRODUCT_BUNDLE_IDENTIFIER = com.KnightsFee.SnapStack;
				PRODUCT_NAME = "$(TARGET_NAME)";
				SKIP_INSTALL = YES;
			};
			name = Debug;
		};
		768D978B1BAD9C0D00C5ED47 /* Release */ = {
			isa = XCBuildConfiguration;
			buildSettings = {
				DEFINES_MODULE = YES;
				DYLIB_COMPATIBILITY_VERSION = 1;
				DYLIB_CURRENT_VERSION = 1;
				DYLIB_INSTALL_NAME_BASE = "@rpath";
				INFOPLIST_FILE = SnapStack/Info.plist;
				INSTALL_PATH = "$(LOCAL_LIBRARY_DIR)/Frameworks";
				IPHONEOS_DEPLOYMENT_TARGET = 9.0;
				LD_RUNPATH_SEARCH_PATHS = "$(inherited) @executable_path/Frameworks @loader_path/Frameworks";
				PRODUCT_BUNDLE_IDENTIFIER = com.KnightsFee.SnapStack;
				PRODUCT_NAME = "$(TARGET_NAME)";
				SKIP_INSTALL = YES;
			};
			name = Release;
		};
		768D978D1BAD9C0D00C5ED47 /* Debug */ = {
			isa = XCBuildConfiguration;
			buildSettings = {
				INFOPLIST_FILE = SnapStackTests/Info.plist;
				IPHONEOS_DEPLOYMENT_TARGET = 9.0;
				LD_RUNPATH_SEARCH_PATHS = "$(inherited) @executable_path/Frameworks @loader_path/Frameworks";
				PRODUCT_BUNDLE_IDENTIFIER = com.KnightsFee.SnapStackTests;
				PRODUCT_NAME = "$(TARGET_NAME)";
			};
			name = Debug;
		};
		768D978E1BAD9C0D00C5ED47 /* Release */ = {
			isa = XCBuildConfiguration;
			buildSettings = {
				INFOPLIST_FILE = SnapStackTests/Info.plist;
				IPHONEOS_DEPLOYMENT_TARGET = 9.0;
				LD_RUNPATH_SEARCH_PATHS = "$(inherited) @executable_path/Frameworks @loader_path/Frameworks";
				PRODUCT_BUNDLE_IDENTIFIER = com.KnightsFee.SnapStackTests;
				PRODUCT_NAME = "$(TARGET_NAME)";
			};
			name = Release;
		};
/* End XCBuildConfiguration section */

/* Begin XCConfigurationList section */
		768D976F1BAD9C0C00C5ED47 /* Build configuration list for PBXProject "SnapStack" */ = {
			isa = XCConfigurationList;
			buildConfigurations = (
				768D97871BAD9C0D00C5ED47 /* Debug */,
				768D97881BAD9C0D00C5ED47 /* Release */,
			);
			defaultConfigurationIsVisible = 0;
			defaultConfigurationName = Release;
		};
		768D97891BAD9C0D00C5ED47 /* Build configuration list for PBXNativeTarget "SnapStack" */ = {
			isa = XCConfigurationList;
			buildConfigurations = (
				768D978A1BAD9C0D00C5ED47 /* Debug */,
				768D978B1BAD9C0D00C5ED47 /* Release */,
			);
			defaultConfigurationIsVisible = 0;
			defaultConfigurationName = Release;
		};
		768D978C1BAD9C0D00C5ED47 /* Build configuration list for PBXNativeTarget "SnapStackTests" */ = {
			isa = XCConfigurationList;
			buildConfigurations = (
				768D978D1BAD9C0D00C5ED47 /* Debug */,
				768D978E1BAD9C0D00C5ED47 /* Release */,
			);
			defaultConfigurationIsVisible = 0;
			defaultConfigurationName = Release;
		};
/* End XCConfigurationList section */
	};
	rootObject = 768D976C1BAD9C0C00C5ED47 /* Project object */;
}
